
Microsoft Visual Studio Solution File, Format Version 12.00
# Visual Studio Version 16
VisualStudioVersion = 16.0.29709.97
MinimumVisualStudioVersion = 10.0.40219.1
Project("{9A19103F-16F7-4668-BE54-9A1E7A4F7556}") = "ServerApp", "ServerApp\ServerApp.csproj", "{693B0369-0599-4371-855E-CC81A5CD45B4}"
EndProject
Project("{E24C65DC-7377-472B-9ABA-BC803B73C61A}") = "ClientApp", "ClientApp\", "{E955F4EB-FF66-49AE-A47F-40AEE0DE06E5}"
	ProjectSection(WebsiteProperties) = preProject
		TargetFrameworkMoniker = ".NETFramework,Version%3Dv4.0"
		Debug.AspNetCompiler.VirtualPath = "/localhost_55497"
		Debug.AspNetCompiler.PhysicalPath = "ClientApp\"
		Debug.AspNetCompiler.TargetPath = "PrecompiledWeb\localhost_55497\"
		Debug.AspNetCompiler.Updateable = "true"
		Debug.AspNetCompiler.ForceOverwrite = "true"
		Debug.AspNetCompiler.FixedNames = "false"
		Debug.AspNetCompiler.Debug = "True"
		Release.AspNetCompiler.VirtualPath = "/localhost_55497"
		Release.AspNetCompiler.PhysicalPath = "ClientApp\"
		Release.AspNetCompiler.TargetPath = "PrecompiledWeb\localhost_55497\"
		Release.AspNetCompiler.Updateable = "true"
		Release.AspNetCompiler.ForceOverwrite = "true"
		Release.AspNetCompiler.FixedNames = "false"
		Release.AspNetCompiler.Debug = "False"
		VWDPort = "55497"
		SlnRelativePath = "ClientApp\"
	EndProjectSection
EndProject
Global
	GlobalSection(SolutionConfigurationPlatforms) = preSolution
		Debug|Any CPU = Debug|Any CPU
		Release|Any CPU = Release|Any CPU
	EndGlobalSection
	GlobalSection(ProjectConfigurationPlatforms) = postSolution
		{693B0369-0599-4371-855E-CC81A5CD45B4}.Debug|Any CPU.ActiveCfg = Debug|Any CPU
		{693B0369-0599-4371-855E-CC81A5CD45B4}.Debug|Any CPU.Build.0 = Debug|Any CPU
		{693B0369-0599-4371-855E-CC81A5CD45B4}.Release|Any CPU.ActiveCfg = Release|Any CPU
		{693B0369-0599-4371-855E-CC81A5CD45B4}.Release|Any CPU.Build.0 = Release|Any CPU
		{E955F4EB-FF66-49AE-A47F-40AEE0DE06E5}.Debug|Any CPU.ActiveCfg = Debug|Any CPU
		{E955F4EB-FF66-49AE-A47F-40AEE0DE06E5}.Debug|Any CPU.Build.0 = Debug|Any CPU
		{E955F4EB-FF66-49AE-A47F-40AEE0DE06E5}.Release|Any CPU.ActiveCfg = Debug|Any CPU
		{E955F4EB-FF66-49AE-A47F-40AEE0DE06E5}.Release|Any CPU.Build.0 = Debug|Any CPU
	EndGlobalSection
	GlobalSection(SolutionProperties) = preSolution
		HideSolutionNode = FALSE
	EndGlobalSection
	GlobalSection(ExtensibilityGlobals) = postSolution
		SolutionGuid = {3A42FAE6-B2DE-46E5-8A19-8F6F8C123216}
	EndGlobalSection
EndGlobal
